
Microsoft Visual Studio Solution File, Format Version 12.00
# Visual Studio 2017
Project("{FAE04EC0-301F-11D3-BF4B-00C04F79EFBC}") = "Planet", "Planet.csproj", "{FC5C2A2D-59CA-AE4A-6DBA-D0BF4538DEF4}"
EndProject
Project("{FAE04EC0-301F-11D3-BF4B-00C04F79EFBC}") = "Planet", "Planet.csproj", "{FC5C2A2D-59CA-AE4A-6DBA-D0BF4538DEF4}"
EndProject
Project("{FAE04EC0-301F-11D3-BF4B-00C04F79EFBC}") = "Planet.Editor", "Planet.Editor.csproj", "{77645211-85E0-2064-5BDB-915EF4D82890}"
EndProject
Project("{FAE04EC0-301F-11D3-BF4B-00C04F79EFBC}") = "Planet.Editor", "Planet.Editor.csproj", "{77645211-85E0-2064-5BDB-915EF4D82890}"
EndProject
Project("{FAE04EC0-301F-11D3-BF4B-00C04F79EFBC}") = "Planet.Editor", "Planet.Editor.csproj", "{77645211-85E0-2064-5BDB-915EF4D82890}"
EndProject
Project("{FAE04EC0-301F-11D3-BF4B-00C04F79EFBC}") = "Planet.Editor", "Planet.Editor.csproj", "{77645211-85E0-2064-5BDB-915EF4D82890}"
EndProject
Global
	GlobalSection(SolutionConfigurationPlatforms) = preSolution
		Debug|Any CPU = Debug|Any CPU
		Release|Any CPU = Release|Any CPU
	EndGlobalSection
	GlobalSection(ProjectConfigurationPlatforms) = postSolution
		{FC5C2A2D-59CA-AE4A-6DBA-D0BF4538DEF4}.Debug|Any CPU.ActiveCfg = Debug|Any CPU
		{FC5C2A2D-59CA-AE4A-6DBA-D0BF4538DEF4}.Debug|Any CPU.Build.0 = Debug|Any CPU
		{FC5C2A2D-59CA-AE4A-6DBA-D0BF4538DEF4}.Release|Any CPU.ActiveCfg = Release|Any CPU
		{FC5C2A2D-59CA-AE4A-6DBA-D0BF4538DEF4}.Release|Any CPU.Build.0 = Release|Any CPU
		{FC5C2A2D-59CA-AE4A-6DBA-D0BF4538DEF4}.Debug|Any CPU.ActiveCfg = Debug|Any CPU
		{FC5C2A2D-59CA-AE4A-6DBA-D0BF4538DEF4}.Debug|Any CPU.Build.0 = Debug|Any CPU
		{FC5C2A2D-59CA-AE4A-6DBA-D0BF4538DEF4}.Release|Any CPU.ActiveCfg = Release|Any CPU
		{FC5C2A2D-59CA-AE4A-6DBA-D0BF4538DEF4}.Release|Any CPU.Build.0 = Release|Any CPU
		{77645211-85E0-2064-5BDB-915EF4D82890}.Debug|Any CPU.ActiveCfg = Debug|Any CPU
		{77645211-85E0-2064-5BDB-915EF4D82890}.Debug|Any CPU.Build.0 = Debug|Any CPU
		{77645211-85E0-2064-5BDB-915EF4D82890}.Release|Any CPU.ActiveCfg = Release|Any CPU
		{77645211-85E0-2064-5BDB-915EF4D82890}.Release|Any CPU.Build.0 = Release|Any CPU
		{77645211-85E0-2064-5BDB-915EF4D82890}.Debug|Any CPU.ActiveCfg = Debug|Any CPU
		{77645211-85E0-2064-5BDB-915EF4D82890}.Debug|Any CPU.Build.0 = Debug|Any CPU
		{77645211-85E0-2064-5BDB-915EF4D82890}.Release|Any CPU.ActiveCfg = Release|Any CPU
		{77645211-85E0-2064-5BDB-915EF4D82890}.Release|Any CPU.Build.0 = Release|Any CPU
		{77645211-85E0-2064-5BDB-915EF4D82890}.Debug|Any CPU.ActiveCfg = Debug|Any CPU
		{77645211-85E0-2064-5BDB-915EF4D82890}.Debug|Any CPU.Build.0 = Debug|Any CPU
		{77645211-85E0-2064-5BDB-915EF4D82890}.Release|Any CPU.ActiveCfg = Release|Any CPU
		{77645211-85E0-2064-5BDB-915EF4D82890}.Release|Any CPU.Build.0 = Release|Any CPU
		{77645211-85E0-2064-5BDB-915EF4D82890}.Debug|Any CPU.ActiveCfg = Debug|Any CPU
		{77645211-85E0-2064-5BDB-915EF4D82890}.Debug|Any CPU.Build.0 = Debug|Any CPU
		{77645211-85E0-2064-5BDB-915EF4D82890}.Release|Any CPU.ActiveCfg = Release|Any CPU
		{77645211-85E0-2064-5BDB-915EF4D82890}.Release|Any CPU.Build.0 = Release|Any CPU
	EndGlobalSection
	GlobalSection(SolutionProperties) = preSolution
		HideSolutionNode = FALSE
	EndGlobalSection
EndGlobal
